
Microsoft Visual Studio Solution File, Format Version 12.00
# Visual Studio Version 16
VisualStudioVersion = 16.0.28917.181
MinimumVisualStudioVersion = 10.0.40219.1
Project("{FAE04EC0-301F-11D3-BF4B-00C04F79EFBC}") = "TestGitOrSvn", "TestGitOrSvn\TestGitOrSvn.csproj", "{BC5CA042-03F6-4439-808B-18DDB23CC51B}"
EndProject
Global
	GlobalSection(SolutionConfigurationPlatforms) = preSolution
		Debug|Any CPU = Debug|Any CPU
		Release|Any CPU = Release|Any CPU
	EndGlobalSection
	GlobalSection(ProjectConfigurationPlatforms) = postSolution
		{BC5CA042-03F6-4439-808B-18DDB23CC51B}.Debug|Any CPU.ActiveCfg = Debug|Any CPU
		{BC5CA042-03F6-4439-808B-18DDB23CC51B}.Debug|Any CPU.Build.0 = Debug|Any CPU
		{BC5CA042-03F6-4439-808B-18DDB23CC51B}.Release|Any CPU.ActiveCfg = Release|Any CPU
		{BC5CA042-03F6-4439-808B-18DDB23CC51B}.Release|Any CPU.Build.0 = Release|Any CPU
	EndGlobalSection
	GlobalSection(SolutionProperties) = preSolution
		HideSolutionNode = FALSE
	EndGlobalSection
	GlobalSection(ExtensibilityGlobals) = postSolution
		SolutionGuid = {60D14ECD-4EAE-4BCC-838D-2536FAC0C501}
	EndGlobalSection
EndGlobal
